// !$*UTF8*$!
{
	archiveVersion = 1;
	classes = {
	};
	objectVersion = 46;
	objects = {

/* Begin PBXBuildFile section */
		9C0DE66E1F45A002003561E5 /* KTVHCDownload.h in Headers */ = {isa = PBXBuildFile; fileRef = 9C0DE66C1F45A002003561E5 /* KTVHCDownload.h */; };
		9C0DE66F1F45A002003561E5 /* KTVHCDownload.m in Sources */ = {isa = PBXBuildFile; fileRef = 9C0DE66D1F45A002003561E5 /* KTVHCDownload.m */; };
		9C0DE6721F45A6F0003561E5 /* KTVHCError.h in Headers */ = {isa = PBXBuildFile; fileRef = 9C0DE6701F45A6F0003561E5 /* KTVHCError.h */; };
		9C0DE6731F45A6F0003561E5 /* KTVHCError.m in Sources */ = {isa = PBXBuildFile; fileRef = 9C0DE6711F45A6F0003561E5 /* KTVHCError.m */; };
		9C0DE6771F45A778003561E5 /* KTVHCCommon.h in Headers */ = {isa = PBXBuildFile; fileRef = 9C0DE6751F45A778003561E5 /* KTVHCCommon.h */; settings = {ATTRIBUTES = (Public, ); }; };
		9C1699361F3D47AE00B1CA76 /* KTVHCDataRequest.h in Headers */ = {isa = PBXBuildFile; fileRef = 9C1699341F3D47AE00B1CA76 /* KTVHCDataRequest.h */; settings = {ATTRIBUTES = (Public, ); }; };
		9C1699371F3D47AE00B1CA76 /* KTVHCDataRequest.m in Sources */ = {isa = PBXBuildFile; fileRef = 9C1699351F3D47AE00B1CA76 /* KTVHCDataRequest.m */; };
		9C4D70FD1FD68C9C00459DE0 /* KTVHTTPCache.h in Headers */ = {isa = PBXBuildFile; fileRef = 9C4D70FB1FD68C9C00459DE0 /* KTVHTTPCache.h */; settings = {ATTRIBUTES = (Public, ); }; };
		9C6C4AFB1F4ED22100699C4E /* KTVHCDataResponse.h in Headers */ = {isa = PBXBuildFile; fileRef = 9C6C4AF91F4ED22100699C4E /* KTVHCDataResponse.h */; settings = {ATTRIBUTES = (Public, ); }; };
		9C6C4AFC1F4ED22100699C4E /* KTVHCDataResponse.m in Sources */ = {isa = PBXBuildFile; fileRef = 9C6C4AFA1F4ED22100699C4E /* KTVHCDataResponse.m */; };
		9C8DC2841F3C57F1002F1978 /* KTVHCURLTools.h in Headers */ = {isa = PBXBuildFile; fileRef = 9C8DC2821F3C57F1002F1978 /* KTVHCURLTools.h */; };
		9C8DC2851F3C57F1002F1978 /* KTVHCURLTools.m in Sources */ = {isa = PBXBuildFile; fileRef = 9C8DC2831F3C57F1002F1978 /* KTVHCURLTools.m */; };
		9C8ED68620C8D508001AD613 /* KTVHCDataLoader.h in Headers */ = {isa = PBXBuildFile; fileRef = 9C8ED68420C8D508001AD613 /* KTVHCDataLoader.h */; settings = {ATTRIBUTES = (Public, ); }; };
		9C8ED68720C8D508001AD613 /* KTVHCDataLoader.m in Sources */ = {isa = PBXBuildFile; fileRef = 9C8ED68520C8D508001AD613 /* KTVHCDataLoader.m */; };
		9C9249B61F3D584C00647335 /* KTVHCDataUnit.h in Headers */ = {isa = PBXBuildFile; fileRef = 9C9249B41F3D584C00647335 /* KTVHCDataUnit.h */; };
		9C9249B71F3D584C00647335 /* KTVHCDataUnit.m in Sources */ = {isa = PBXBuildFile; fileRef = 9C9249B51F3D584C00647335 /* KTVHCDataUnit.m */; };
		9C9249BA1F3D585A00647335 /* KTVHCDataUnitPool.h in Headers */ = {isa = PBXBuildFile; fileRef = 9C9249B81F3D585A00647335 /* KTVHCDataUnitPool.h */; };
		9C9249BB1F3D585A00647335 /* KTVHCDataUnitPool.m in Sources */ = {isa = PBXBuildFile; fileRef = 9C9249B91F3D585A00647335 /* KTVHCDataUnitPool.m */; };
		9C9249BE1F3D588200647335 /* KTVHCDataUnitQueue.h in Headers */ = {isa = PBXBuildFile; fileRef = 9C9249BC1F3D588200647335 /* KTVHCDataUnitQueue.h */; };
		9C9249BF1F3D588200647335 /* KTVHCDataUnitQueue.m in Sources */ = {isa = PBXBuildFile; fileRef = 9C9249BD1F3D588200647335 /* KTVHCDataUnitQueue.m */; };
		9C9249C21F3D594000647335 /* KTVHCDataUnitItem.h in Headers */ = {isa = PBXBuildFile; fileRef = 9C9249C01F3D594000647335 /* KTVHCDataUnitItem.h */; };
		9C9249C31F3D594000647335 /* KTVHCDataUnitItem.m in Sources */ = {isa = PBXBuildFile; fileRef = 9C9249C11F3D594000647335 /* KTVHCDataUnitItem.m */; };
		9C9249CE1F3D84BE00647335 /* KTVHCDataStorage.h in Headers */ = {isa = PBXBuildFile; fileRef = 9C9249CC1F3D84BE00647335 /* KTVHCDataStorage.h */; };
		9C9249CF1F3D84BE00647335 /* KTVHCDataStorage.m in Sources */ = {isa = PBXBuildFile; fileRef = 9C9249CD1F3D84BE00647335 /* KTVHCDataStorage.m */; };
		9C9249D31F3D88F900647335 /* KTVHCDataSourceManager.h in Headers */ = {isa = PBXBuildFile; fileRef = 9C9249D11F3D88F900647335 /* KTVHCDataSourceManager.h */; };
		9C9249D41F3D88F900647335 /* KTVHCDataSourceManager.m in Sources */ = {isa = PBXBuildFile; fileRef = 9C9249D21F3D88F900647335 /* KTVHCDataSourceManager.m */; };
		9C9249DF1F3D899B00647335 /* KTVHCDataFileSource.h in Headers */ = {isa = PBXBuildFile; fileRef = 9C9249DD1F3D899B00647335 /* KTVHCDataFileSource.h */; };
		9C9249E01F3D899B00647335 /* KTVHCDataFileSource.m in Sources */ = {isa = PBXBuildFile; fileRef = 9C9249DE1F3D899B00647335 /* KTVHCDataFileSource.m */; };
		9C9249E31F3D89B100647335 /* KTVHCDataNetworkSource.h in Headers */ = {isa = PBXBuildFile; fileRef = 9C9249E11F3D89B100647335 /* KTVHCDataNetworkSource.h */; };
		9C9249E41F3D89B100647335 /* KTVHCDataNetworkSource.m in Sources */ = {isa = PBXBuildFile; fileRef = 9C9249E21F3D89B100647335 /* KTVHCDataNetworkSource.m */; };
		9C9249E81F3D8C3000647335 /* KTVHCDataReader.h in Headers */ = {isa = PBXBuildFile; fileRef = 9C9249E61F3D8C3000647335 /* KTVHCDataReader.h */; settings = {ATTRIBUTES = (Public, ); }; };
		9C9249E91F3D8C3000647335 /* KTVHCDataReader.m in Sources */ = {isa = PBXBuildFile; fileRef = 9C9249E71F3D8C3000647335 /* KTVHCDataReader.m */; };
		9C924A0B1F3DF67500647335 /* KTVHCDataSourceQueue.h in Headers */ = {isa = PBXBuildFile; fileRef = 9C924A091F3DF67500647335 /* KTVHCDataSourceQueue.h */; };
		9C924A0C1F3DF67500647335 /* KTVHCDataSourceQueue.m in Sources */ = {isa = PBXBuildFile; fileRef = 9C924A0A1F3DF67500647335 /* KTVHCDataSourceQueue.m */; };
		9C924A1B1F3E403300647335 /* KTVHCPathTools.h in Headers */ = {isa = PBXBuildFile; fileRef = 9C924A191F3E403300647335 /* KTVHCPathTools.h */; };
		9C924A1C1F3E403300647335 /* KTVHCPathTools.m in Sources */ = {isa = PBXBuildFile; fileRef = 9C924A1A1F3E403300647335 /* KTVHCPathTools.m */; };
		9C924A1F1F3F326700647335 /* KTVHCDataCallback.h in Headers */ = {isa = PBXBuildFile; fileRef = 9C924A1D1F3F326700647335 /* KTVHCDataCallback.h */; };
		9C924A201F3F326700647335 /* KTVHCDataCallback.m in Sources */ = {isa = PBXBuildFile; fileRef = 9C924A1E1F3F326700647335 /* KTVHCDataCallback.m */; };
		9C9D19E51FD6854B00572727 /* KTVHCHTTPHeader.h in Headers */ = {isa = PBXBuildFile; fileRef = 9C9D19E41FD6854B00572727 /* KTVHCHTTPHeader.h */; };
		9CA3C5421F3FFFC500D857EA /* KTVHCDataCacheItem.h in Headers */ = {isa = PBXBuildFile; fileRef = 9CA3C5401F3FFFC500D857EA /* KTVHCDataCacheItem.h */; settings = {ATTRIBUTES = (Public, ); }; };
		9CA3C5431F3FFFC500D857EA /* KTVHCDataCacheItem.m in Sources */ = {isa = PBXBuildFile; fileRef = 9CA3C5411F3FFFC500D857EA /* KTVHCDataCacheItem.m */; };
		9CA3C5461F40025400D857EA /* KTVHTTPCacheImp.h in Headers */ = {isa = PBXBuildFile; fileRef = 9CA3C5441F40025400D857EA /* KTVHTTPCacheImp.h */; settings = {ATTRIBUTES = (Public, ); }; };
		9CA3C5471F40025400D857EA /* KTVHTTPCacheImp.m in Sources */ = {isa = PBXBuildFile; fileRef = 9CA3C5451F40025400D857EA /* KTVHTTPCacheImp.m */; };
		9CA8C7AE1F404DD4004854BC /* KTVHCDataCacheItemZone.h in Headers */ = {isa = PBXBuildFile; fileRef = 9CA8C7AC1F404DD4004854BC /* KTVHCDataCacheItemZone.h */; settings = {ATTRIBUTES = (Public, ); }; };
		9CA8C7AF1F404DD4004854BC /* KTVHCDataCacheItemZone.m in Sources */ = {isa = PBXBuildFile; fileRef = 9CA8C7AD1F404DD4004854BC /* KTVHCDataCacheItemZone.m */; };
		9CD08A571F453437000F036F /* KTVHCLog.h in Headers */ = {isa = PBXBuildFile; fileRef = 9CD08A551F453437000F036F /* KTVHCLog.h */; };
		9CD08A581F453437000F036F /* KTVHCLog.m in Sources */ = {isa = PBXBuildFile; fileRef = 9CD08A561F453437000F036F /* KTVHCLog.m */; };
		9CD7497320B123B7002A066C /* KTVHCRange.h in Headers */ = {isa = PBXBuildFile; fileRef = 9CD7497120B123B7002A066C /* KTVHCRange.h */; settings = {ATTRIBUTES = (Public, ); }; };
		9CD7497420B123B7002A066C /* KTVHCRange.m in Sources */ = {isa = PBXBuildFile; fileRef = 9CD7497220B123B7002A066C /* KTVHCRange.m */; };
		9CE118511F3C0E7B00A7AE8B /* KTVHCHTTPServer.h in Headers */ = {isa = PBXBuildFile; fileRef = 9CE1184F1F3C0E7B00A7AE8B /* KTVHCHTTPServer.h */; };
		9CE118521F3C0E7B00A7AE8B /* KTVHCHTTPServer.m in Sources */ = {isa = PBXBuildFile; fileRef = 9CE118501F3C0E7B00A7AE8B /* KTVHCHTTPServer.m */; };
		9CE118551F3C27F400A7AE8B /* KTVHCHTTPURL.h in Headers */ = {isa = PBXBuildFile; fileRef = 9CE118531F3C27F400A7AE8B /* KTVHCHTTPURL.h */; };
		9CE118561F3C27F400A7AE8B /* KTVHCHTTPURL.m in Sources */ = {isa = PBXBuildFile; fileRef = 9CE118541F3C27F400A7AE8B /* KTVHCHTTPURL.m */; };
		9CE1AF801FAB378600ACB1AC /* KTVHCHTTPPingResponse.h in Headers */ = {isa = PBXBuildFile; fileRef = 9CE1AF7E1FAB378600ACB1AC /* KTVHCHTTPPingResponse.h */; };
		9CE1AF811FAB378600ACB1AC /* KTVHCHTTPPingResponse.m in Sources */ = {isa = PBXBuildFile; fileRef = 9CE1AF7F1FAB378600ACB1AC /* KTVHCHTTPPingResponse.m */; };
		9CF955191F3C357D00321CF6 /* KTVHCHTTPConnection.h in Headers */ = {isa = PBXBuildFile; fileRef = 9CF955171F3C357D00321CF6 /* KTVHCHTTPConnection.h */; };
		9CF9551A1F3C357D00321CF6 /* KTVHCHTTPConnection.m in Sources */ = {isa = PBXBuildFile; fileRef = 9CF955181F3C357D00321CF6 /* KTVHCHTTPConnection.m */; };
		9CF9551D1F3C4B6300321CF6 /* KTVHCHTTPRequest.h in Headers */ = {isa = PBXBuildFile; fileRef = 9CF9551B1F3C4B6300321CF6 /* KTVHCHTTPRequest.h */; };
		9CF9551E1F3C4B6300321CF6 /* KTVHCHTTPRequest.m in Sources */ = {isa = PBXBuildFile; fileRef = 9CF9551C1F3C4B6300321CF6 /* KTVHCHTTPRequest.m */; };
		9CF955251F3C4B9700321CF6 /* KTVHCHTTPResponse.h in Headers */ = {isa = PBXBuildFile; fileRef = 9CF955231F3C4B9700321CF6 /* KTVHCHTTPResponse.h */; };
		9CF955261F3C4B9700321CF6 /* KTVHCHTTPResponse.m in Sources */ = {isa = PBXBuildFile; fileRef = 9CF955241F3C4B9700321CF6 /* KTVHCHTTPResponse.m */; };
/* End PBXBuildFile section */

/* Begin PBXContainerItemProxy section */
		9CACF7FF20AFBF9C00A72CB6 /* PBXContainerItemProxy */ = {
			isa = PBXContainerItemProxy;
			containerPortal = 9CACF7FB20AFBF9C00A72CB6 /* KTVCocoaHTTPServer.xcodeproj */;
			proxyType = 2;
			remoteGlobalIDString = 9C1F0E5E20AFBB1D00FCC0B2;
			remoteInfo = KTVCocoaHTTPServer;
		};
		9CACF80120AFBFCE00A72CB6 /* PBXContainerItemProxy */ = {
			isa = PBXContainerItemProxy;
			containerPortal = 9CACF7FB20AFBF9C00A72CB6 /* KTVCocoaHTTPServer.xcodeproj */;
			proxyType = 1;
			remoteGlobalIDString = 9C1F0E5D20AFBB1D00FCC0B2;
			remoteInfo = KTVCocoaHTTPServer;
		};
/* End PBXContainerItemProxy section */

/* Begin PBXFileReference section */
		9C0DE66C1F45A002003561E5 /* KTVHCDownload.h */ = {isa = PBXFileReference; fileEncoding = 4; lastKnownFileType = sourcecode.c.h; path = KTVHCDownload.h; sourceTree = "<group>"; };
		9C0DE66D1F45A002003561E5 /* KTVHCDownload.m */ = {isa = PBXFileReference; fileEncoding = 4; lastKnownFileType = sourcecode.c.objc; path = KTVHCDownload.m; sourceTree = "<group>"; };
		9C0DE6701F45A6F0003561E5 /* KTVHCError.h */ = {isa = PBXFileReference; fileEncoding = 4; lastKnownFileType = sourcecode.c.h; path = KTVHCError.h; sourceTree = "<group>"; };
		9C0DE6711F45A6F0003561E5 /* KTVHCError.m */ = {isa = PBXFileReference; fileEncoding = 4; lastKnownFileType = sourcecode.c.objc; path = KTVHCError.m; sourceTree = "<group>"; };
		9C0DE6751F45A778003561E5 /* KTVHCCommon.h */ = {isa = PBXFileReference; fileEncoding = 4; lastKnownFileType = sourcecode.c.h; path = KTVHCCommon.h; sourceTree = "<group>"; };
		9C1699341F3D47AE00B1CA76 /* KTVHCDataRequest.h */ = {isa = PBXFileReference; fileEncoding = 4; lastKnownFileType = sourcecode.c.h; path = KTVHCDataRequest.h; sourceTree = "<group>"; };
		9C1699351F3D47AE00B1CA76 /* KTVHCDataRequest.m */ = {isa = PBXFileReference; fileEncoding = 4; lastKnownFileType = sourcecode.c.objc; path = KTVHCDataRequest.m; sourceTree = "<group>"; };
		9C4D70FB1FD68C9C00459DE0 /* KTVHTTPCache.h */ = {isa = PBXFileReference; fileEncoding = 4; lastKnownFileType = sourcecode.c.h; name = KTVHTTPCache.h; path = Framework/KTVHTTPCache.h; sourceTree = SOURCE_ROOT; };
		9C4D70FC1FD68C9C00459DE0 /* Info.plist */ = {isa = PBXFileReference; fileEncoding = 4; lastKnownFileType = text.plist.xml; name = Info.plist; path = Framework/Info.plist; sourceTree = SOURCE_ROOT; };
		9C6C4AF91F4ED22100699C4E /* KTVHCDataResponse.h */ = {isa = PBXFileReference; fileEncoding = 4; lastKnownFileType = sourcecode.c.h; path = KTVHCDataResponse.h; sourceTree = "<group>"; };
		9C6C4AFA1F4ED22100699C4E /* KTVHCDataResponse.m */ = {isa = PBXFileReference; fileEncoding = 4; lastKnownFileType = sourcecode.c.objc; path = KTVHCDataResponse.m; sourceTree = "<group>"; };
		9C7EDA891F3C0334003B6C14 /* KTVHTTPCache.framework */ = {isa = PBXFileReference; explicitFileType = wrapper.framework; includeInIndex = 0; path = KTVHTTPCache.framework; sourceTree = BUILT_PRODUCTS_DIR; };
		9C8DC2821F3C57F1002F1978 /* KTVHCURLTools.h */ = {isa = PBXFileReference; fileEncoding = 4; lastKnownFileType = sourcecode.c.h; path = KTVHCURLTools.h; sourceTree = "<group>"; };
		9C8DC2831F3C57F1002F1978 /* KTVHCURLTools.m */ = {isa = PBXFileReference; fileEncoding = 4; lastKnownFileType = sourcecode.c.objc; path = KTVHCURLTools.m; sourceTree = "<group>"; };
		9C8ED68420C8D508001AD613 /* KTVHCDataLoader.h */ = {isa = PBXFileReference; lastKnownFileType = sourcecode.c.h; path = KTVHCDataLoader.h; sourceTree = "<group>"; };
		9C8ED68520C8D508001AD613 /* KTVHCDataLoader.m */ = {isa = PBXFileReference; lastKnownFileType = sourcecode.c.objc; path = KTVHCDataLoader.m; sourceTree = "<group>"; };
		9C9249B41F3D584C00647335 /* KTVHCDataUnit.h */ = {isa = PBXFileReference; fileEncoding = 4; lastKnownFileType = sourcecode.c.h; path = KTVHCDataUnit.h; sourceTree = "<group>"; };
		9C9249B51F3D584C00647335 /* KTVHCDataUnit.m */ = {isa = PBXFileReference; fileEncoding = 4; lastKnownFileType = sourcecode.c.objc; path = KTVHCDataUnit.m; sourceTree = "<group>"; };
		9C9249B81F3D585A00647335 /* KTVHCDataUnitPool.h */ = {isa = PBXFileReference; fileEncoding = 4; lastKnownFileType = sourcecode.c.h; path = KTVHCDataUnitPool.h; sourceTree = "<group>"; };
		9C9249B91F3D585A00647335 /* KTVHCDataUnitPool.m */ = {isa = PBXFileReference; fileEncoding = 4; lastKnownFileType = sourcecode.c.objc; path = KTVHCDataUnitPool.m; sourceTree = "<group>"; };
		9C9249BC1F3D588200647335 /* KTVHCDataUnitQueue.h */ = {isa = PBXFileReference; fileEncoding = 4; lastKnownFileType = sourcecode.c.h; path = KTVHCDataUnitQueue.h; sourceTree = "<group>"; };
		9C9249BD1F3D588200647335 /* KTVHCDataUnitQueue.m */ = {isa = PBXFileReference; fileEncoding = 4; lastKnownFileType = sourcecode.c.objc; path = KTVHCDataUnitQueue.m; sourceTree = "<group>"; };
		9C9249C01F3D594000647335 /* KTVHCDataUnitItem.h */ = {isa = PBXFileReference; fileEncoding = 4; lastKnownFileType = sourcecode.c.h; path = KTVHCDataUnitItem.h; sourceTree = "<group>"; };
		9C9249C11F3D594000647335 /* KTVHCDataUnitItem.m */ = {isa = PBXFileReference; fileEncoding = 4; lastKnownFileType = sourcecode.c.objc; path = KTVHCDataUnitItem.m; sourceTree = "<group>"; };
		9C9249CC1F3D84BE00647335 /* KTVHCDataStorage.h */ = {isa = PBXFileReference; fileEncoding = 4; lastKnownFileType = sourcecode.c.h; path = KTVHCDataStorage.h; sourceTree = "<group>"; };
		9C9249CD1F3D84BE00647335 /* KTVHCDataStorage.m */ = {isa = PBXFileReference; fileEncoding = 4; lastKnownFileType = sourcecode.c.objc; path = KTVHCDataStorage.m; sourceTree = "<group>"; };
		9C9249D01F3D878C00647335 /* KTVHCDataPrivate.h */ = {isa = PBXFileReference; lastKnownFileType = sourcecode.c.h; path = KTVHCDataPrivate.h; sourceTree = "<group>"; };
		9C9249D11F3D88F900647335 /* KTVHCDataSourceManager.h */ = {isa = PBXFileReference; fileEncoding = 4; lastKnownFileType = sourcecode.c.h; path = KTVHCDataSourceManager.h; sourceTree = "<group>"; };
		9C9249D21F3D88F900647335 /* KTVHCDataSourceManager.m */ = {isa = PBXFileReference; fileEncoding = 4; lastKnownFileType = sourcecode.c.objc; path = KTVHCDataSourceManager.m; sourceTree = "<group>"; };
		9C9249DD1F3D899B00647335 /* KTVHCDataFileSource.h */ = {isa = PBXFileReference; fileEncoding = 4; lastKnownFileType = sourcecode.c.h; path = KTVHCDataFileSource.h; sourceTree = "<group>"; };
		9C9249DE1F3D899B00647335 /* KTVHCDataFileSource.m */ = {isa = PBXFileReference; fileEncoding = 4; lastKnownFileType = sourcecode.c.objc; path = KTVHCDataFileSource.m; sourceTree = "<group>"; };
		9C9249E11F3D89B100647335 /* KTVHCDataNetworkSource.h */ = {isa = PBXFileReference; fileEncoding = 4; lastKnownFileType = sourcecode.c.h; path = KTVHCDataNetworkSource.h; sourceTree = "<group>"; };
		9C9249E21F3D89B100647335 /* KTVHCDataNetworkSource.m */ = {isa = PBXFileReference; fileEncoding = 4; lastKnownFileType = sourcecode.c.objc; path = KTVHCDataNetworkSource.m; sourceTree = "<group>"; };
		9C9249E51F3D89E500647335 /* KTVHCDataSourceProtocol.h */ = {isa = PBXFileReference; lastKnownFileType = sourcecode.c.h; path = KTVHCDataSourceProtocol.h; sourceTree = "<group>"; };
		9C9249E61F3D8C3000647335 /* KTVHCDataReader.h */ = {isa = PBXFileReference; fileEncoding = 4; lastKnownFileType = sourcecode.c.h; path = KTVHCDataReader.h; sourceTree = "<group>"; };
		9C9249E71F3D8C3000647335 /* KTVHCDataReader.m */ = {isa = PBXFileReference; fileEncoding = 4; lastKnownFileType = sourcecode.c.objc; path = KTVHCDataReader.m; sourceTree = "<group>"; };
		9C924A091F3DF67500647335 /* KTVHCDataSourceQueue.h */ = {isa = PBXFileReference; fileEncoding = 4; lastKnownFileType = sourcecode.c.h; path = KTVHCDataSourceQueue.h; sourceTree = "<group>"; };
		9C924A0A1F3DF67500647335 /* KTVHCDataSourceQueue.m */ = {isa = PBXFileReference; fileEncoding = 4; lastKnownFileType = sourcecode.c.objc; path = KTVHCDataSourceQueue.m; sourceTree = "<group>"; };
		9C924A191F3E403300647335 /* KTVHCPathTools.h */ = {isa = PBXFileReference; fileEncoding = 4; lastKnownFileType = sourcecode.c.h; path = KTVHCPathTools.h; sourceTree = "<group>"; };
		9C924A1A1F3E403300647335 /* KTVHCPathTools.m */ = {isa = PBXFileReference; fileEncoding = 4; lastKnownFileType = sourcecode.c.objc; path = KTVHCPathTools.m; sourceTree = "<group>"; };
		9C924A1D1F3F326700647335 /* KTVHCDataCallback.h */ = {isa = PBXFileReference; fileEncoding = 4; lastKnownFileType = sourcecode.c.h; path = KTVHCDataCallback.h; sourceTree = "<group>"; };
		9C924A1E1F3F326700647335 /* KTVHCDataCallback.m */ = {isa = PBXFileReference; fileEncoding = 4; lastKnownFileType = sourcecode.c.objc; path = KTVHCDataCallback.m; sourceTree = "<group>"; };
		9C9D19E41FD6854B00572727 /* KTVHCHTTPHeader.h */ = {isa = PBXFileReference; lastKnownFileType = sourcecode.c.h; path = KTVHCHTTPHeader.h; sourceTree = "<group>"; };
		9CA3C5401F3FFFC500D857EA /* KTVHCDataCacheItem.h */ = {isa = PBXFileReference; fileEncoding = 4; lastKnownFileType = sourcecode.c.h; path = KTVHCDataCacheItem.h; sourceTree = "<group>"; };
		9CA3C5411F3FFFC500D857EA /* KTVHCDataCacheItem.m */ = {isa = PBXFileReference; fileEncoding = 4; lastKnownFileType = sourcecode.c.objc; path = KTVHCDataCacheItem.m; sourceTree = "<group>"; };
		9CA3C5441F40025400D857EA /* KTVHTTPCacheImp.h */ = {isa = PBXFileReference; fileEncoding = 4; lastKnownFileType = sourcecode.c.h; path = KTVHTTPCacheImp.h; sourceTree = "<group>"; };
		9CA3C5451F40025400D857EA /* KTVHTTPCacheImp.m */ = {isa = PBXFileReference; fileEncoding = 4; lastKnownFileType = sourcecode.c.objc; path = KTVHTTPCacheImp.m; sourceTree = "<group>"; };
		9CA8C7AC1F404DD4004854BC /* KTVHCDataCacheItemZone.h */ = {isa = PBXFileReference; fileEncoding = 4; lastKnownFileType = sourcecode.c.h; path = KTVHCDataCacheItemZone.h; sourceTree = "<group>"; };
		9CA8C7AD1F404DD4004854BC /* KTVHCDataCacheItemZone.m */ = {isa = PBXFileReference; fileEncoding = 4; lastKnownFileType = sourcecode.c.objc; path = KTVHCDataCacheItemZone.m; sourceTree = "<group>"; };
		9CACF7FB20AFBF9C00A72CB6 /* KTVCocoaHTTPServer.xcodeproj */ = {isa = PBXFileReference; lastKnownFileType = "wrapper.pb-project"; name = KTVCocoaHTTPServer.xcodeproj; path = KTVCocoaHTTPServer/KTVCocoaHTTPServer.xcodeproj; sourceTree = "<group>"; };
		9CD08A551F453437000F036F /* KTVHCLog.h */ = {isa = PBXFileReference; fileEncoding = 4; lastKnownFileType = sourcecode.c.h; path = KTVHCLog.h; sourceTree = "<group>"; };
		9CD08A561F453437000F036F /* KTVHCLog.m */ = {isa = PBXFileReference; fileEncoding = 4; lastKnownFileType = sourcecode.c.objc; path = KTVHCLog.m; sourceTree = "<group>"; };
		9CD7497120B123B7002A066C /* KTVHCRange.h */ = {isa = PBXFileReference; lastKnownFileType = sourcecode.c.h; path = KTVHCRange.h; sourceTree = "<group>"; };
		9CD7497220B123B7002A066C /* KTVHCRange.m */ = {isa = PBXFileReference; lastKnownFileType = sourcecode.c.objc; path = KTVHCRange.m; sourceTree = "<group>"; };
		9CE1184F1F3C0E7B00A7AE8B /* KTVHCHTTPServer.h */ = {isa = PBXFileReference; fileEncoding = 4; lastKnownFileType = sourcecode.c.h; path = KTVHCHTTPServer.h; sourceTree = "<group>"; };
		9CE118501F3C0E7B00A7AE8B /* KTVHCHTTPServer.m */ = {isa = PBXFileReference; fileEncoding = 4; lastKnownFileType = sourcecode.c.objc; path = KTVHCHTTPServer.m; sourceTree = "<group>"; };
		9CE118531F3C27F400A7AE8B /* KTVHCHTTPURL.h */ = {isa = PBXFileReference; fileEncoding = 4; lastKnownFileType = sourcecode.c.h; path = KTVHCHTTPURL.h; sourceTree = "<group>"; };
		9CE118541F3C27F400A7AE8B /* KTVHCHTTPURL.m */ = {isa = PBXFileReference; fileEncoding = 4; lastKnownFileType = sourcecode.c.objc; path = KTVHCHTTPURL.m; sourceTree = "<group>"; };
		9CE1AF7E1FAB378600ACB1AC /* KTVHCHTTPPingResponse.h */ = {isa = PBXFileReference; fileEncoding = 4; lastKnownFileType = sourcecode.c.h; path = KTVHCHTTPPingResponse.h; sourceTree = "<group>"; };
		9CE1AF7F1FAB378600ACB1AC /* KTVHCHTTPPingResponse.m */ = {isa = PBXFileReference; fileEncoding = 4; lastKnownFileType = sourcecode.c.objc; path = KTVHCHTTPPingResponse.m; sourceTree = "<group>"; };
		9CF955171F3C357D00321CF6 /* KTVHCHTTPConnection.h */ = {isa = PBXFileReference; fileEncoding = 4; lastKnownFileType = sourcecode.c.h; path = KTVHCHTTPConnection.h; sourceTree = "<group>"; };
		9CF955181F3C357D00321CF6 /* KTVHCHTTPConnection.m */ = {isa = PBXFileReference; fileEncoding = 4; lastKnownFileType = sourcecode.c.objc; path = KTVHCHTTPConnection.m; sourceTree = "<group>"; };
		9CF9551B1F3C4B6300321CF6 /* KTVHCHTTPRequest.h */ = {isa = PBXFileReference; fileEncoding = 4; lastKnownFileType = sourcecode.c.h; path = KTVHCHTTPRequest.h; sourceTree = "<group>"; };
		9CF9551C1F3C4B6300321CF6 /* KTVHCHTTPRequest.m */ = {isa = PBXFileReference; fileEncoding = 4; lastKnownFileType = sourcecode.c.objc; path = KTVHCHTTPRequest.m; sourceTree = "<group>"; };
		9CF955231F3C4B9700321CF6 /* KTVHCHTTPResponse.h */ = {isa = PBXFileReference; fileEncoding = 4; lastKnownFileType = sourcecode.c.h; path = KTVHCHTTPResponse.h; sourceTree = "<group>"; };
		9CF955241F3C4B9700321CF6 /* KTVHCHTTPResponse.m */ = {isa = PBXFileReference; fileEncoding = 4; lastKnownFileType = sourcecode.c.objc; path = KTVHCHTTPResponse.m; sourceTree = "<group>"; };
/* End PBXFileReference section */

/* Begin PBXFrameworksBuildPhase section */
		9C7EDA851F3C0334003B6C14 /* Frameworks */ = {
			isa = PBXFrameworksBuildPhase;
			buildActionMask = 2147483647;
			files = (
			);
			runOnlyForDeploymentPostprocessing = 0;
		};
/* End PBXFrameworksBuildPhase section */

/* Begin PBXGroup section */
		9C0DE66B1F45A002003561E5 /* KTVHCDownload */ = {
			isa = PBXGroup;
			children = (
				9C0DE66C1F45A002003561E5 /* KTVHCDownload.h */,
				9C0DE66D1F45A002003561E5 /* KTVHCDownload.m */,
			);
			path = KTVHCDownload;
			sourceTree = "<group>";
		};
		9C1699331F3D476A00B1CA76 /* KTVHCDataStorage */ = {
			isa = PBXGroup;
			children = (
				9C9249CC1F3D84BE00647335 /* KTVHCDataStorage.h */,
				9C9249CD1F3D84BE00647335 /* KTVHCDataStorage.m */,
				9C1699341F3D47AE00B1CA76 /* KTVHCDataRequest.h */,
				9C1699351F3D47AE00B1CA76 /* KTVHCDataRequest.m */,
				9C6C4AF91F4ED22100699C4E /* KTVHCDataResponse.h */,
				9C6C4AFA1F4ED22100699C4E /* KTVHCDataResponse.m */,
				9C9249E61F3D8C3000647335 /* KTVHCDataReader.h */,
				9C9249E71F3D8C3000647335 /* KTVHCDataReader.m */,
				9C8ED68420C8D508001AD613 /* KTVHCDataLoader.h */,
				9C8ED68520C8D508001AD613 /* KTVHCDataLoader.m */,
				9C9249B41F3D584C00647335 /* KTVHCDataUnit.h */,
				9C9249B51F3D584C00647335 /* KTVHCDataUnit.m */,
				9C9249C01F3D594000647335 /* KTVHCDataUnitItem.h */,
				9C9249C11F3D594000647335 /* KTVHCDataUnitItem.m */,
				9C9249B81F3D585A00647335 /* KTVHCDataUnitPool.h */,
				9C9249B91F3D585A00647335 /* KTVHCDataUnitPool.m */,
				9C9249BC1F3D588200647335 /* KTVHCDataUnitQueue.h */,
				9C9249BD1F3D588200647335 /* KTVHCDataUnitQueue.m */,
				9C9249D11F3D88F900647335 /* KTVHCDataSourceManager.h */,
				9C9249D21F3D88F900647335 /* KTVHCDataSourceManager.m */,
				9C924A091F3DF67500647335 /* KTVHCDataSourceQueue.h */,
				9C924A0A1F3DF67500647335 /* KTVHCDataSourceQueue.m */,
				9C9249E51F3D89E500647335 /* KTVHCDataSourceProtocol.h */,
				9C9249DD1F3D899B00647335 /* KTVHCDataFileSource.h */,
				9C9249DE1F3D899B00647335 /* KTVHCDataFileSource.m */,
				9C9249E11F3D89B100647335 /* KTVHCDataNetworkSource.h */,
				9C9249E21F3D89B100647335 /* KTVHCDataNetworkSource.m */,
				9C9249D01F3D878C00647335 /* KTVHCDataPrivate.h */,
				9CA3C5401F3FFFC500D857EA /* KTVHCDataCacheItem.h */,
				9CA3C5411F3FFFC500D857EA /* KTVHCDataCacheItem.m */,
				9CA8C7AC1F404DD4004854BC /* KTVHCDataCacheItemZone.h */,
				9CA8C7AD1F404DD4004854BC /* KTVHCDataCacheItemZone.m */,
				9C924A1D1F3F326700647335 /* KTVHCDataCallback.h */,
				9C924A1E1F3F326700647335 /* KTVHCDataCallback.m */,
			);
			path = KTVHCDataStorage;
			sourceTree = "<group>";
		};
		9C7EDA7F1F3C0334003B6C14 = {
			isa = PBXGroup;
			children = (
				9C7EDA8B1F3C0334003B6C14 /* KTVHTTPCache */,
				9CD8C1FB20AF2B5C00949350 /* Vendors */,
				9C7EDA8A1F3C0334003B6C14 /* Products */,
				9CACF80320AFC09C00A72CB6 /* Frameworks */,
			);
			sourceTree = "<group>";
		};
		9C7EDA8A1F3C0334003B6C14 /* Products */ = {
			isa = PBXGroup;
			children = (
				9C7EDA891F3C0334003B6C14 /* KTVHTTPCache.framework */,
			);
			name = Products;
			sourceTree = "<group>";
		};
		9C7EDA8B1F3C0334003B6C14 /* KTVHTTPCache */ = {
			isa = PBXGroup;
			children = (
				9C4D70FC1FD68C9C00459DE0 /* Info.plist */,
				9C4D70FB1FD68C9C00459DE0 /* KTVHTTPCache.h */,
				9CE118491F3C0AF400A7AE8B /* Classes */,
			);
			path = KTVHTTPCache;
			sourceTree = "<group>";
		};
		9C8DC2811F3C579F002F1978 /* KTVHCTools */ = {
			isa = PBXGroup;
			children = (
				9C8DC2821F3C57F1002F1978 /* KTVHCURLTools.h */,
				9C8DC2831F3C57F1002F1978 /* KTVHCURLTools.m */,
				9C924A191F3E403300647335 /* KTVHCPathTools.h */,
				9C924A1A1F3E403300647335 /* KTVHCPathTools.m */,
			);
			path = KTVHCTools;
			sourceTree = "<group>";
		};
		9CACF7FC20AFBF9C00A72CB6 /* Products */ = {
			isa = PBXGroup;
			children = (
				9CACF80020AFBF9C00A72CB6 /* KTVCocoaHTTPServer.framework */,
			);
			name = Products;
			sourceTree = "<group>";
		};
		9CACF80320AFC09C00A72CB6 /* Frameworks */ = {
			isa = PBXGroup;
			children = (
			);
			name = Frameworks;
			sourceTree = "<group>";
		};
		9CD08A541F45340F000F036F /* KTVHCCommon */ = {
			isa = PBXGroup;
			children = (
				9C0DE6751F45A778003561E5 /* KTVHCCommon.h */,
				9C0DE6701F45A6F0003561E5 /* KTVHCError.h */,
				9C0DE6711F45A6F0003561E5 /* KTVHCError.m */,
				9CD08A551F453437000F036F /* KTVHCLog.h */,
				9CD08A561F453437000F036F /* KTVHCLog.m */,
				9CD7497120B123B7002A066C /* KTVHCRange.h */,
				9CD7497220B123B7002A066C /* KTVHCRange.m */,
			);
			path = KTVHCCommon;
			sourceTree = "<group>";
		};
		9CD8C1FB20AF2B5C00949350 /* Vendors */ = {
			isa = PBXGroup;
			children = (
				9CACF7FB20AFBF9C00A72CB6 /* KTVCocoaHTTPServer.xcodeproj */,
			);
			path = Vendors;
			sourceTree = "<group>";
		};
		9CE118491F3C0AF400A7AE8B /* Classes */ = {
			isa = PBXGroup;
			children = (
				9CA3C5441F40025400D857EA /* KTVHTTPCacheImp.h */,
				9CA3C5451F40025400D857EA /* KTVHTTPCacheImp.m */,
				9C1699331F3D476A00B1CA76 /* KTVHCDataStorage */,
				9CE1184A1F3C0AF400A7AE8B /* KTVHCHTTPServer */,
				9C0DE66B1F45A002003561E5 /* KTVHCDownload */,
				9CD08A541F45340F000F036F /* KTVHCCommon */,
				9C8DC2811F3C579F002F1978 /* KTVHCTools */,
			);
			path = Classes;
			sourceTree = "<group>";
		};
		9CE1184A1F3C0AF400A7AE8B /* KTVHCHTTPServer */ = {
			isa = PBXGroup;
			children = (
				9C9D19E41FD6854B00572727 /* KTVHCHTTPHeader.h */,
				9CE1184F1F3C0E7B00A7AE8B /* KTVHCHTTPServer.h */,
				9CE118501F3C0E7B00A7AE8B /* KTVHCHTTPServer.m */,
				9CF955171F3C357D00321CF6 /* KTVHCHTTPConnection.h */,
				9CF955181F3C357D00321CF6 /* KTVHCHTTPConnection.m */,
				9CF9551B1F3C4B6300321CF6 /* KTVHCHTTPRequest.h */,
				9CF9551C1F3C4B6300321CF6 /* KTVHCHTTPRequest.m */,
				9CF955231F3C4B9700321CF6 /* KTVHCHTTPResponse.h */,
				9CF955241F3C4B9700321CF6 /* KTVHCHTTPResponse.m */,
				9CE1AF7E1FAB378600ACB1AC /* KTVHCHTTPPingResponse.h */,
				9CE1AF7F1FAB378600ACB1AC /* KTVHCHTTPPingResponse.m */,
				9CE118531F3C27F400A7AE8B /* KTVHCHTTPURL.h */,
				9CE118541F3C27F400A7AE8B /* KTVHCHTTPURL.m */,
			);
			path = KTVHCHTTPServer;
			sourceTree = "<group>";
		};
/* End PBXGroup section */

/* Begin PBXHeadersBuildPhase section */
		9C7EDA861F3C0334003B6C14 /* Headers */ = {
			isa = PBXHeadersBuildPhase;
			buildActionMask = 2147483647;
			files = (
				9C4D70FD1FD68C9C00459DE0 /* KTVHTTPCache.h in Headers */,
				9CA3C5461F40025400D857EA /* KTVHTTPCacheImp.h in Headers */,
				9C9249E81F3D8C3000647335 /* KTVHCDataReader.h in Headers */,
				9C8ED68620C8D508001AD613 /* KTVHCDataLoader.h in Headers */,
				9C1699361F3D47AE00B1CA76 /* KTVHCDataRequest.h in Headers */,
				9C6C4AFB1F4ED22100699C4E /* KTVHCDataResponse.h in Headers */,
				9CD08A571F453437000F036F /* KTVHCLog.h in Headers */,
				9CD7497320B123B7002A066C /* KTVHCRange.h in Headers */,
				9C0DE66E1F45A002003561E5 /* KTVHCDownload.h in Headers */,
				9C0DE6771F45A778003561E5 /* KTVHCCommon.h in Headers */,
				9C0DE6721F45A6F0003561E5 /* KTVHCError.h in Headers */,
				9CA3C5421F3FFFC500D857EA /* KTVHCDataCacheItem.h in Headers */,
				9CA8C7AE1F404DD4004854BC /* KTVHCDataCacheItemZone.h in Headers */,
				9C9249BA1F3D585A00647335 /* KTVHCDataUnitPool.h in Headers */,
				9C8DC2841F3C57F1002F1978 /* KTVHCURLTools.h in Headers */,
				9CF9551D1F3C4B6300321CF6 /* KTVHCHTTPRequest.h in Headers */,
				9C9249B61F3D584C00647335 /* KTVHCDataUnit.h in Headers */,
				9C9249D31F3D88F900647335 /* KTVHCDataSourceManager.h in Headers */,
				9C9249BE1F3D588200647335 /* KTVHCDataUnitQueue.h in Headers */,
				9CF955251F3C4B9700321CF6 /* KTVHCHTTPResponse.h in Headers */,
				9C9249DF1F3D899B00647335 /* KTVHCDataFileSource.h in Headers */,
				9CF955191F3C357D00321CF6 /* KTVHCHTTPConnection.h in Headers */,
				9C9249C21F3D594000647335 /* KTVHCDataUnitItem.h in Headers */,
				9C924A1B1F3E403300647335 /* KTVHCPathTools.h in Headers */,
				9C924A1F1F3F326700647335 /* KTVHCDataCallback.h in Headers */,
				9C9249CE1F3D84BE00647335 /* KTVHCDataStorage.h in Headers */,
				9CE118511F3C0E7B00A7AE8B /* KTVHCHTTPServer.h in Headers */,
				9CE1AF801FAB378600ACB1AC /* KTVHCHTTPPingResponse.h in Headers */,
				9C9D19E51FD6854B00572727 /* KTVHCHTTPHeader.h in Headers */,
				9CE118551F3C27F400A7AE8B /* KTVHCHTTPURL.h in Headers */,
				9C924A0B1F3DF67500647335 /* KTVHCDataSourceQueue.h in Headers */,
				9C9249E31F3D89B100647335 /* KTVHCDataNetworkSource.h in Headers */,
			);
			runOnlyForDeploymentPostprocessing = 0;
		};
/* End PBXHeadersBuildPhase section */

/* Begin PBXNativeTarget section */
		9C7EDA881F3C0334003B6C14 /* KTVHTTPCache */ = {
			isa = PBXNativeTarget;
			buildConfigurationList = 9C7EDA911F3C0334003B6C14 /* Build configuration list for PBXNativeTarget "KTVHTTPCache" */;
			buildPhases = (
				9C7EDA841F3C0334003B6C14 /* Sources */,
				9C7EDA851F3C0334003B6C14 /* Frameworks */,
				9C7EDA861F3C0334003B6C14 /* Headers */,
				9C7EDA871F3C0334003B6C14 /* Resources */,
			);
			buildRules = (
			);
			dependencies = (
				9CACF80220AFBFCE00A72CB6 /* PBXTargetDependency */,
			);
			name = KTVHTTPCache;
			productName = KTVHTTPCache;
			productReference = 9C7EDA891F3C0334003B6C14 /* KTVHTTPCache.framework */;
			productType = "com.apple.product-type.framework";
		};
/* End PBXNativeTarget section */

/* Begin PBXProject section */
		9C7EDA801F3C0334003B6C14 /* Project object */ = {
			isa = PBXProject;
			attributes = {
				LastUpgradeCheck = 0940;
				ORGANIZATIONNAME = Single;
				TargetAttributes = {
					9C7EDA881F3C0334003B6C14 = {
						CreatedOnToolsVersion = 8.3.3;
						ProvisioningStyle = Automatic;
					};
				};
			};
			buildConfigurationList = 9C7EDA831F3C0334003B6C14 /* Build configuration list for PBXProject "KTVHTTPCache" */;
			compatibilityVersion = "Xcode 3.2";
			developmentRegion = English;
			hasScannedForEncodings = 0;
			knownRegions = (
				en,
			);
			mainGroup = 9C7EDA7F1F3C0334003B6C14;
			productRefGroup = 9C7EDA8A1F3C0334003B6C14 /* Products */;
			projectDirPath = "";
			projectReferences = (
				{
					ProductGroup = 9CACF7FC20AFBF9C00A72CB6 /* Products */;
					ProjectRef = 9CACF7FB20AFBF9C00A72CB6 /* KTVCocoaHTTPServer.xcodeproj */;
				},
			);
			projectRoot = "";
			targets = (
				9C7EDA881F3C0334003B6C14 /* KTVHTTPCache */,
			);
		};
/* End PBXProject section */

/* Begin PBXReferenceProxy section */
		9CACF80020AFBF9C00A72CB6 /* KTVCocoaHTTPServer.framework */ = {
			isa = PBXReferenceProxy;
			fileType = wrapper.framework;
			path = KTVCocoaHTTPServer.framework;
			remoteRef = 9CACF7FF20AFBF9C00A72CB6 /* PBXContainerItemProxy */;
			sourceTree = BUILT_PRODUCTS_DIR;
		};
/* End PBXReferenceProxy section */

/* Begin PBXResourcesBuildPhase section */
		9C7EDA871F3C0334003B6C14 /* Resources */ = {
			isa = PBXResourcesBuildPhase;
			buildActionMask = 2147483647;
			files = (
			);
			runOnlyForDeploymentPostprocessing = 0;
		};
/* End PBXResourcesBuildPhase section */

/* Begin PBXSourcesBuildPhase section */
		9C7EDA841F3C0334003B6C14 /* Sources */ = {
			isa = PBXSourcesBuildPhase;
			buildActionMask = 2147483647;
			files = (
				9C1699371F3D47AE00B1CA76 /* KTVHCDataRequest.m in Sources */,
				9CE1AF811FAB378600ACB1AC /* KTVHCHTTPPingResponse.m in Sources */,
				9CA3C5471F40025400D857EA /* KTVHTTPCacheImp.m in Sources */,
				9CF9551A1F3C357D00321CF6 /* KTVHCHTTPConnection.m in Sources */,
				9C9249CF1F3D84BE00647335 /* KTVHCDataStorage.m in Sources */,
				9CF955261F3C4B9700321CF6 /* KTVHCHTTPResponse.m in Sources */,
				9CA8C7AF1F404DD4004854BC /* KTVHCDataCacheItemZone.m in Sources */,
				9C9249E91F3D8C3000647335 /* KTVHCDataReader.m in Sources */,
				9CD08A581F453437000F036F /* KTVHCLog.m in Sources */,
				9C9249B71F3D584C00647335 /* KTVHCDataUnit.m in Sources */,
				9CD7497420B123B7002A066C /* KTVHCRange.m in Sources */,
				9C9249E01F3D899B00647335 /* KTVHCDataFileSource.m in Sources */,
				9C0DE66F1F45A002003561E5 /* KTVHCDownload.m in Sources */,
				9C8DC2851F3C57F1002F1978 /* KTVHCURLTools.m in Sources */,
				9CE118521F3C0E7B00A7AE8B /* KTVHCHTTPServer.m in Sources */,
				9CA3C5431F3FFFC500D857EA /* KTVHCDataCacheItem.m in Sources */,
				9C9249C31F3D594000647335 /* KTVHCDataUnitItem.m in Sources */,
				9C6C4AFC1F4ED22100699C4E /* KTVHCDataResponse.m in Sources */,
				9C924A0C1F3DF67500647335 /* KTVHCDataSourceQueue.m in Sources */,
				9C9249BF1F3D588200647335 /* KTVHCDataUnitQueue.m in Sources */,
				9C924A1C1F3E403300647335 /* KTVHCPathTools.m in Sources */,
				9C9249E41F3D89B100647335 /* KTVHCDataNetworkSource.m in Sources */,
				9CE118561F3C27F400A7AE8B /* KTVHCHTTPURL.m in Sources */,
				9C9249BB1F3D585A00647335 /* KTVHCDataUnitPool.m in Sources */,
				9CF9551E1F3C4B6300321CF6 /* KTVHCHTTPRequest.m in Sources */,
				9C0DE6731F45A6F0003561E5 /* KTVHCError.m in Sources */,
				9C8ED68720C8D508001AD613 /* KTVHCDataLoader.m in Sources */,
				9C924A201F3F326700647335 /* KTVHCDataCallback.m in Sources */,
				9C9249D41F3D88F900647335 /* KTVHCDataSourceManager.m in Sources */,
			);
			runOnlyForDeploymentPostprocessing = 0;
		};
/* End PBXSourcesBuildPhase section */

/* Begin PBXTargetDependency section */
		9CACF80220AFBFCE00A72CB6 /* PBXTargetDependency */ = {
			isa = PBXTargetDependency;
			name = KTVCocoaHTTPServer;
			targetProxy = 9CACF80120AFBFCE00A72CB6 /* PBXContainerItemProxy */;
		};
/* End PBXTargetDependency section */

/* Begin XCBuildConfiguration section */
		9C7EDA8F1F3C0334003B6C14 /* Debug */ = {
			isa = XCBuildConfiguration;
			buildSettings = {
				ALWAYS_SEARCH_USER_PATHS = NO;
				CLANG_ANALYZER_NONNULL = YES;
				CLANG_ANALYZER_NUMBER_OBJECT_CONVERSION = YES_AGGRESSIVE;
				CLANG_CXX_LANGUAGE_STANDARD = "gnu++0x";
				CLANG_CXX_LIBRARY = "libc++";
				CLANG_ENABLE_MODULES = YES;
				CLANG_ENABLE_OBJC_ARC = YES;
				CLANG_WARN_BLOCK_CAPTURE_AUTORELEASING = YES;
				CLANG_WARN_BOOL_CONVERSION = YES;
				CLANG_WARN_COMMA = YES;
				CLANG_WARN_CONSTANT_CONVERSION = YES;
				CLANG_WARN_DEPRECATED_OBJC_IMPLEMENTATIONS = YES;
				CLANG_WARN_DIRECT_OBJC_ISA_USAGE = YES_ERROR;
				CLANG_WARN_DOCUMENTATION_COMMENTS = YES;
				CLANG_WARN_EMPTY_BODY = YES;
				CLANG_WARN_ENUM_CONVERSION = YES;
				CLANG_WARN_INFINITE_RECURSION = YES;
				CLANG_WARN_INT_CONVERSION = YES;
				CLANG_WARN_NON_LITERAL_NULL_CONVERSION = YES;
				CLANG_WARN_OBJC_IMPLICIT_RETAIN_SELF = YES;
				CLANG_WARN_OBJC_LITERAL_CONVERSION = YES;
				CLANG_WARN_OBJC_ROOT_CLASS = YES_ERROR;
				CLANG_WARN_RANGE_LOOP_ANALYSIS = YES;
				CLANG_WARN_STRICT_PROTOTYPES = YES;
				CLANG_WARN_SUSPICIOUS_MOVE = YES;
				CLANG_WARN_UNREACHABLE_CODE = YES;
				CLANG_WARN__DUPLICATE_METHOD_MATCH = YES;
				"CODE_SIGN_IDENTITY[sdk=iphoneos*]" = "iPhone Developer";
				COPY_PHASE_STRIP = NO;
				CURRENT_PROJECT_VERSION = 1;
				DEBUG_INFORMATION_FORMAT = dwarf;
				ENABLE_STRICT_OBJC_MSGSEND = YES;
				ENABLE_TESTABILITY = YES;
				GCC_C_LANGUAGE_STANDARD = gnu99;
				GCC_DYNAMIC_NO_PIC = NO;
				GCC_NO_COMMON_BLOCKS = YES;
				GCC_OPTIMIZATION_LEVEL = 0;
				GCC_PREPROCESSOR_DEFINITIONS = (
					"DEBUG=1",
					"$(inherited)",
				);
				GCC_WARN_64_TO_32_BIT_CONVERSION = YES;
				GCC_WARN_ABOUT_RETURN_TYPE = YES_ERROR;
				GCC_WARN_UNDECLARED_SELECTOR = YES;
				GCC_WARN_UNINITIALIZED_AUTOS = YES_AGGRESSIVE;
				GCC_WARN_UNUSED_FUNCTION = YES;
				GCC_WARN_UNUSED_VARIABLE = YES;
				IPHONEOS_DEPLOYMENT_TARGET = 8.0;
				MTL_ENABLE_DEBUG_INFO = YES;
				ONLY_ACTIVE_ARCH = YES;
				SDKROOT = iphoneos;
				TARGETED_DEVICE_FAMILY = "1,2";
				VERSIONING_SYSTEM = "apple-generic";
				VERSION_INFO_PREFIX = "";
			};
			name = Debug;
		};
		9C7EDA901F3C0334003B6C14 /* Release */ = {
			isa = XCBuildConfiguration;
			buildSettings = {
				ALWAYS_SEARCH_USER_PATHS = NO;
				CLANG_ANALYZER_NONNULL = YES;
				CLANG_ANALYZER_NUMBER_OBJECT_CONVERSION = YES_AGGRESSIVE;
				CLANG_CXX_LANGUAGE_STANDARD = "gnu++0x";
				CLANG_CXX_LIBRARY = "libc++";
				CLANG_ENABLE_MODULES = YES;
				CLANG_ENABLE_OBJC_ARC = YES;
				CLANG_WARN_BLOCK_CAPTURE_AUTORELEASING = YES;
				CLANG_WARN_BOOL_CONVERSION = YES;
				CLANG_WARN_COMMA = YES;
				CLANG_WARN_CONSTANT_CONVERSION = YES;
				CLANG_WARN_DEPRECATED_OBJC_IMPLEMENTATIONS = YES;
				CLANG_WARN_DIRECT_OBJC_ISA_USAGE = YES_ERROR;
				CLANG_WARN_DOCUMENTATION_COMMENTS = YES;
				CLANG_WARN_EMPTY_BODY = YES;
				CLANG_WARN_ENUM_CONVERSION = YES;
				CLANG_WARN_INFINITE_RECURSION = YES;
				CLANG_WARN_INT_CONVERSION = YES;
				CLANG_WARN_NON_LITERAL_NULL_CONVERSION = YES;
				CLANG_WARN_OBJC_IMPLICIT_RETAIN_SELF = YES;
				CLANG_WARN_OBJC_LITERAL_CONVERSION = YES;
				CLANG_WARN_OBJC_ROOT_CLASS = YES_ERROR;
				CLANG_WARN_RANGE_LOOP_ANALYSIS = YES;
				CLANG_WARN_STRICT_PROTOTYPES = YES;
				CLANG_WARN_SUSPICIOUS_MOVE = YES;
				CLANG_WARN_UNREACHABLE_CODE = YES;
				CLANG_WARN__DUPLICATE_METHOD_MATCH = YES;
				"CODE_SIGN_IDENTITY[sdk=iphoneos*]" = "iPhone Developer";
				COPY_PHASE_STRIP = NO;
				CURRENT_PROJECT_VERSION = 1;
				DEBUG_INFORMATION_FORMAT = "dwarf-with-dsym";
				ENABLE_NS_ASSERTIONS = NO;
				ENABLE_STRICT_OBJC_MSGSEND = YES;
				GCC_C_LANGUAGE_STANDARD = gnu99;
				GCC_NO_COMMON_BLOCKS = YES;
				GCC_WARN_64_TO_32_BIT_CONVERSION = YES;
				GCC_WARN_ABOUT_RETURN_TYPE = YES_ERROR;
				GCC_WARN_UNDECLARED_SELECTOR = YES;
				GCC_WARN_UNINITIALIZED_AUTOS = YES_AGGRESSIVE;
				GCC_WARN_UNUSED_FUNCTION = YES;
				GCC_WARN_UNUSED_VARIABLE = YES;
				IPHONEOS_DEPLOYMENT_TARGET = 8.0;
				MTL_ENABLE_DEBUG_INFO = NO;
				SDKROOT = iphoneos;
				TARGETED_DEVICE_FAMILY = "1,2";
				VALIDATE_PRODUCT = YES;
				VERSIONING_SYSTEM = "apple-generic";
				VERSION_INFO_PREFIX = "";
			};
			name = Release;
		};
		9C7EDA921F3C0334003B6C14 /* Debug */ = {
			isa = XCBuildConfiguration;
			buildSettings = {
				CLANG_WARN_STRICT_PROTOTYPES = YES;
				CODE_SIGN_IDENTITY = "";
				DEFINES_MODULE = YES;
				DYLIB_COMPATIBILITY_VERSION = 1;
				DYLIB_CURRENT_VERSION = 1;
				DYLIB_INSTALL_NAME_BASE = "@rpath";
				INFOPLIST_FILE = Framework/Info.plist;
				INSTALL_PATH = "$(LOCAL_LIBRARY_DIR)/Frameworks";
				IPHONEOS_DEPLOYMENT_TARGET = 8.0;
				LD_RUNPATH_SEARCH_PATHS = "$(inherited) @executable_path/Frameworks @loader_path/Frameworks";
				MACH_O_TYPE = mh_dylib;
				MODULEMAP_FILE = "$(PROJECT_DIR)/Framework/module.modulemap";
				MODULEMAP_PRIVATE_FILE = "";
				OTHER_LDFLAGS = "-ObjC";
				PRODUCT_BUNDLE_IDENTIFIER = com.libobjc.KTVHTTPCache;
				PRODUCT_NAME = "$(TARGET_NAME)";
				SKIP_INSTALL = YES;
			};
			name = Debug;
		};
		9C7EDA931F3C0334003B6C14 /* Release */ = {
			isa = XCBuildConfiguration;
			buildSettings = {
				CLANG_WARN_STRICT_PROTOTYPES = YES;
				CODE_SIGN_IDENTITY = "";
				DEFINES_MODULE = YES;
				DYLIB_COMPATIBILITY_VERSION = 1;
				DYLIB_CURRENT_VERSION = 1;
				DYLIB_INSTALL_NAME_BASE = "@rpath";
				INFOPLIST_FILE = Framework/Info.plist;
				INSTALL_PATH = "$(LOCAL_LIBRARY_DIR)/Frameworks";
				IPHONEOS_DEPLOYMENT_TARGET = 8.0;
				LD_RUNPATH_SEARCH_PATHS = "$(inherited) @executable_path/Frameworks @loader_path/Frameworks";
				MACH_O_TYPE = mh_dylib;
				MODULEMAP_FILE = "$(PROJECT_DIR)/Framework/module.modulemap";
				MODULEMAP_PRIVATE_FILE = "";
				OTHER_LDFLAGS = "-ObjC";
				PRODUCT_BUNDLE_IDENTIFIER = com.libobjc.KTVHTTPCache;
				PRODUCT_NAME = "$(TARGET_NAME)";
				SKIP_INSTALL = YES;
			};
			name = Release;
		};
/* End XCBuildConfiguration section */

/* Begin XCConfigurationList section */
		9C7EDA831F3C0334003B6C14 /* Build configuration list for PBXProject "KTVHTTPCache" */ = {
			isa = XCConfigurationList;
			buildConfigurations = (
				9C7EDA8F1F3C0334003B6C14 /* Debug */,
				9C7EDA901F3C0334003B6C14 /* Release */,
			);
			defaultConfigurationIsVisible = 0;
			defaultConfigurationName = Release;
		};
		9C7EDA911F3C0334003B6C14 /* Build configuration list for PBXNativeTarget "KTVHTTPCache" */ = {
			isa = XCConfigurationList;
			buildConfigurations = (
				9C7EDA921F3C0334003B6C14 /* Debug */,
				9C7EDA931F3C0334003B6C14 /* Release */,
			);
			defaultConfigurationIsVisible = 0;
			defaultConfigurationName = Release;
		};
/* End XCConfigurationList section */
	};
	rootObject = 9C7EDA801F3C0334003B6C14 /* Project object */;
}
